
Microsoft Visual Studio Solution File, Format Version 12.00
# Visual Studio 15
VisualStudioVersion = 15.0.26730.16
MinimumVisualStudioVersion = 10.0.40219.1
Project("{9A19103F-16F7-4668-BE54-9A1E7A4F7556}") = "DEoptim", "DEoptim\DEoptim.csproj", "{9E1DFD2C-BA2F-4845-89F6-4D4E515AF4D8}"
EndProject
Project("{FAE04EC0-301F-11D3-BF4B-00C04F79EFBC}") = "DEoptimTests", "DEoptimTests\DEoptimTests.csproj", "{F938DA54-F527-4AB0-8C3B-5A4E1E4B3146}"
EndProject
Project("{FAE04EC0-301F-11D3-BF4B-00C04F79EFBC}") = "DEoptimExample", "DEoptimExample\DEoptimExample.csproj", "{58A54021-ED0D-45CC-A6D1-A8ED33E7312F}"
EndProject
Project("{8BC9CEB8-8B4A-11D0-8D11-00A0C91BC942}") = "DEopencl", "DEopencl\DEopencl.vcxproj", "{3D482C1C-CDFF-481E-A2A5-4770F8F5597A}"
EndProject
Global
	GlobalSection(SolutionConfigurationPlatforms) = preSolution
		Debug|Any CPU = Debug|Any CPU
		Debug|x64 = Debug|x64
		Debug|x86 = Debug|x86
		Release|Any CPU = Release|Any CPU
		Release|x64 = Release|x64
		Release|x86 = Release|x86
	EndGlobalSection
	GlobalSection(ProjectConfigurationPlatforms) = postSolution
		{9E1DFD2C-BA2F-4845-89F6-4D4E515AF4D8}.Debug|Any CPU.ActiveCfg = Debug|Any CPU
		{9E1DFD2C-BA2F-4845-89F6-4D4E515AF4D8}.Debug|Any CPU.Build.0 = Debug|Any CPU
		{9E1DFD2C-BA2F-4845-89F6-4D4E515AF4D8}.Debug|x64.ActiveCfg = Debug|Any CPU
		{9E1DFD2C-BA2F-4845-89F6-4D4E515AF4D8}.Debug|x64.Build.0 = Debug|Any CPU
		{9E1DFD2C-BA2F-4845-89F6-4D4E515AF4D8}.Debug|x86.ActiveCfg = Debug|Any CPU
		{9E1DFD2C-BA2F-4845-89F6-4D4E515AF4D8}.Debug|x86.Build.0 = Debug|Any CPU
		{9E1DFD2C-BA2F-4845-89F6-4D4E515AF4D8}.Release|Any CPU.ActiveCfg = Release|Any CPU
		{9E1DFD2C-BA2F-4845-89F6-4D4E515AF4D8}.Release|Any CPU.Build.0 = Release|Any CPU
		{9E1DFD2C-BA2F-4845-89F6-4D4E515AF4D8}.Release|x64.ActiveCfg = Release|Any CPU
		{9E1DFD2C-BA2F-4845-89F6-4D4E515AF4D8}.Release|x64.Build.0 = Release|Any CPU
		{9E1DFD2C-BA2F-4845-89F6-4D4E515AF4D8}.Release|x86.ActiveCfg = Release|Any CPU
		{9E1DFD2C-BA2F-4845-89F6-4D4E515AF4D8}.Release|x86.Build.0 = Release|Any CPU
		{F938DA54-F527-4AB0-8C3B-5A4E1E4B3146}.Debug|Any CPU.ActiveCfg = Debug|Any CPU
		{F938DA54-F527-4AB0-8C3B-5A4E1E4B3146}.Debug|Any CPU.Build.0 = Debug|Any CPU
		{F938DA54-F527-4AB0-8C3B-5A4E1E4B3146}.Debug|x64.ActiveCfg = Debug|Any CPU
		{F938DA54-F527-4AB0-8C3B-5A4E1E4B3146}.Debug|x64.Build.0 = Debug|Any CPU
		{F938DA54-F527-4AB0-8C3B-5A4E1E4B3146}.Debug|x86.ActiveCfg = Debug|Any CPU
		{F938DA54-F527-4AB0-8C3B-5A4E1E4B3146}.Debug|x86.Build.0 = Debug|Any CPU
		{F938DA54-F527-4AB0-8C3B-5A4E1E4B3146}.Release|Any CPU.ActiveCfg = Release|Any CPU
		{F938DA54-F527-4AB0-8C3B-5A4E1E4B3146}.Release|Any CPU.Build.0 = Release|Any CPU
		{F938DA54-F527-4AB0-8C3B-5A4E1E4B3146}.Release|x64.ActiveCfg = Release|Any CPU
		{F938DA54-F527-4AB0-8C3B-5A4E1E4B3146}.Release|x64.Build.0 = Release|Any CPU
		{F938DA54-F527-4AB0-8C3B-5A4E1E4B3146}.Release|x86.ActiveCfg = Release|Any CPU
		{F938DA54-F527-4AB0-8C3B-5A4E1E4B3146}.Release|x86.Build.0 = Release|Any CPU
		{58A54021-ED0D-45CC-A6D1-A8ED33E7312F}.Debug|Any CPU.ActiveCfg = Debug|Any CPU
		{58A54021-ED0D-45CC-A6D1-A8ED33E7312F}.Debug|Any CPU.Build.0 = Debug|Any CPU
		{58A54021-ED0D-45CC-A6D1-A8ED33E7312F}.Debug|x64.ActiveCfg = Debug|Any CPU
		{58A54021-ED0D-45CC-A6D1-A8ED33E7312F}.Debug|x64.Build.0 = Debug|Any CPU
		{58A54021-ED0D-45CC-A6D1-A8ED33E7312F}.Debug|x86.ActiveCfg = Debug|Any CPU
		{58A54021-ED0D-45CC-A6D1-A8ED33E7312F}.Debug|x86.Build.0 = Debug|Any CPU
		{58A54021-ED0D-45CC-A6D1-A8ED33E7312F}.Release|Any CPU.ActiveCfg = Release|Any CPU
		{58A54021-ED0D-45CC-A6D1-A8ED33E7312F}.Release|Any CPU.Build.0 = Release|Any CPU
		{58A54021-ED0D-45CC-A6D1-A8ED33E7312F}.Release|x64.ActiveCfg = Release|Any CPU
		{58A54021-ED0D-45CC-A6D1-A8ED33E7312F}.Release|x64.Build.0 = Release|Any CPU
		{58A54021-ED0D-45CC-A6D1-A8ED33E7312F}.Release|x86.ActiveCfg = Release|Any CPU
		{58A54021-ED0D-45CC-A6D1-A8ED33E7312F}.Release|x86.Build.0 = Release|Any CPU
		{3D482C1C-CDFF-481E-A2A5-4770F8F5597A}.Debug|Any CPU.ActiveCfg = Debug|Win32
		{3D482C1C-CDFF-481E-A2A5-4770F8F5597A}.Debug|x64.ActiveCfg = Debug|x64
		{3D482C1C-CDFF-481E-A2A5-4770F8F5597A}.Debug|x64.Build.0 = Debug|x64
		{3D482C1C-CDFF-481E-A2A5-4770F8F5597A}.Debug|x86.ActiveCfg = Debug|Win32
		{3D482C1C-CDFF-481E-A2A5-4770F8F5597A}.Debug|x86.Build.0 = Debug|Win32
		{3D482C1C-CDFF-481E-A2A5-4770F8F5597A}.Release|Any CPU.ActiveCfg = Release|Win32
		{3D482C1C-CDFF-481E-A2A5-4770F8F5597A}.Release|x64.ActiveCfg = Release|x64
		{3D482C1C-CDFF-481E-A2A5-4770F8F5597A}.Release|x64.Build.0 = Release|x64
		{3D482C1C-CDFF-481E-A2A5-4770F8F5597A}.Release|x86.ActiveCfg = Release|Win32
		{3D482C1C-CDFF-481E-A2A5-4770F8F5597A}.Release|x86.Build.0 = Release|Win32
	EndGlobalSection
	GlobalSection(SolutionProperties) = preSolution
		HideSolutionNode = FALSE
	EndGlobalSection
	GlobalSection(ExtensibilityGlobals) = postSolution
		SolutionGuid = {0D063C13-A22B-4582-9A90-151517DBAEDB}
	EndGlobalSection
	GlobalSection(Performance) = preSolution
		HasPerformanceSessions = true
	EndGlobalSection
	GlobalSection(Performance) = preSolution
		HasPerformanceSessions = true
	EndGlobalSection
	GlobalSection(Performance) = preSolution
		HasPerformanceSessions = true
	EndGlobalSection
EndGlobal
